{
  "object": {
    "pins": [
      {
        "package": "RealmDatabase",
        "repositoryURL": "https://github.com/realm/realm-core",
        "state": {
          "branch": null,
          "revision": "c04f5e401a1ec682e6b08b1ee157e19a0f834a5f",
          "version": "13.17.1"
        }
      },
      {
        "package": "Realm",
        "repositoryURL": "https://github.com/realm/realm-swift.git",
        "state": {
          "branch": null,
          "revision": "933abaa8076966e237e66497def74df84c6adbb4",
          "version": "10.42.0"
        }
      },
      {
        "package": "RxSwift",
        "repositoryURL": "https://github.com/ReactiveX/RxSwift.git",
        "state": {
          "branch": null,
          "revision": "b4307ba0b6425c0ba4178e138799946c3da594f8",
          "version": "6.5.0"
        }
      }
    ]
  },
  "version": 1
}
