{
  "object": {
    "pins": [
      {
        "package": "RealmDatabase",
        "repositoryURL": "https://github.com/realm/realm-core.git",
        "state": {
          "branch": null,
          "revision": "9cf7ef4ad8e2f4c7a519c9a395ca3d253bb87aa8",
          "version": "14.6.2"
        }
      },
      {
        "package": "Realm",
        "repositoryURL": "https://github.com/realm/realm-swift.git",
        "state": {
          "branch": null,
          "revision": "2000569f03948c281afc83c36c710ab15e5dd33c",
          "version": "10.50.0"
        }
      },
      {
        "package": "RxSwift",
        "repositoryURL": "https://github.com/ReactiveX/RxSwift.git",
        "state": {
          "branch": null,
          "revision": "b06a8c8596e4c3e8e7788e08e720e3248563ce6a",
          "version": "6.7.1"
        }
      }
    ]
  },
  "version": 1
}
